{
  "name": "patch-files",
  "version": "6.0.0",
  "lockfileVersion": 2,
  "requires": true,
  "packages": {
    "": {
      "name": "patch-files",
      "version": "6.0.0",
      "license": "MIT",
      "bin": {
        "patch-files": "bin/patch-files.js"
      },
      "engines": {
        "node": ">=18"
      }
    }
  }
}
